{
  "name": "@felipebutcher/node-os-info",
  "version": "0.0.5",
  "lockfileVersion": 1,
  "requires": true,
  "dependencies": {
    "check-disk-space": {
      "version": "2.1.0",
      "resolved": "https://registry.npmjs.org/check-disk-space/-/check-disk-space-2.1.0.tgz",
      "integrity": "sha512-f0nx9oJF/AVF8nhSYlF1EBvMNnO+CXyLwKhPvN1943iOMI9TWhQigLZm80jAf0wzQhwKkzA8XXjyvuVUeGGcVQ=="
    },
    "systeminformation": {
      "version": "5.6.20",
      "resolved": "https://registry.npmjs.org/systeminformation/-/systeminformation-5.6.20.tgz",
      "integrity": "sha512-rSnsnnY5Xtl7avVb8ebuSiEWtissFGyWN+5HufmLHKlmS60SDOU5V4YBr69Bx7jSiievXH9B6x6SGnoqtA2mgQ=="
    }
  }
}
